{
  "name": "json-lint",
  "version": "0.1.1",
  "lockfileVersion": 2,
  "requires": true,
  "packages": {
    "": {
      "name": "json-lint",
      "version": "0.1.1",
      "devDependencies": {
        "munit": "0.0.8",
        "nlint": "0.0.7"
      },
      "engines": {
        "node": ">=0.5"
      }
    },
    "node_modules/argv": {
      "version": "0.0.2",
      "resolved": "https://registry.npmjs.org/argv/-/argv-0.0.2.tgz",
      "integrity": "sha512-dEamhpPEwRUBpLNHeuCm/v+g0anFByHahxodVO/BbAarHVBBg2MccCwf9K+o1Pof+2btdnkJelYVUWjW/VrATw==",
      "deprecated": "Package no longer supported. Contact Support at https://www.npmjs.com/support for more info.",
      "dev": true,
      "engines": {
        "node": ">=0.6.10"
      }
    },
    "node_modules/async": {
      "version": "0.2.9",
      "resolved": "https://registry.npmjs.org/async/-/async-0.2.9.tgz",
      "integrity": "sha512-OAtM6mexGteNKdU29wcUfRW+VuBr94A3hx9h9yzBnPaQAbKoW1ORd68XM4CCAOpdL5wlNFgO29hsY1TKv2vAKw==",
      "dev": true
    },
    "node_modules/cli": {
      "version": "0.4.5",
      "resolved": "https://registry.npmjs.org/cli/-/cli-0.4.5.tgz",
      "integrity": "sha512-dbn5HyeJWSOU58RwOEiF1VWrl7HRvDsKLpu0uiI/vExH6iNoyUzjB5Mr3IJY5DVUfnbpe9793xw4DFJVzC9nWQ==",
      "dev": true,
      "dependencies": {
        "glob": ">= 3.1.4"
      },
      "engines": {
        "node": ">=0.2.5"
      }
    },
    "node_modules/colors": {
      "version": "0.6.0-1",
      "resolved": "https://registry.npmjs.org/colors/-/colors-0.6.0-1.tgz",
      "integrity": "sha512-ZaQtySU44lmZRP6M+CovFWnu7QnxLTsr/3wURb7BCOV1/gKjUb/3uu3NsLR+fvA2Jfs6sNfwcVq0Tp2mWYbuxg==",
      "dev": true,
      "engines": {
        "node": ">=0.1.90"
      }
    },
    "node_modules/commander": {
      "version": "1.2.0",
      "resolved": "https://registry.npmjs.org/commander/-/commander-1.2.0.tgz",
      "integrity": "sha512-4AzfHvT/zLkvp+LVOHxZ02sHTuNrtoTnu8qEoJbpcL3nTnFhoNmAml1UV+96k9y5Tgz7jIjsom546WIi2iif0g==",
      "dev": true,
      "dependencies": {
        "keypress": "0.1.x"
      },
      "engines": {
        "node": ">= 0.6.x"
      }
    },
    "node_modules/console-browserify": {
      "version": "0.1.6",
      "resolved": "https://registry.npmjs.org/console-browserify/-/console-browserify-0.1.6.tgz",
      "integrity": "sha512-FJahZyF+dLKrC7h4DOq5JsHA+f0cLJD3TR1+0CK3n6phtdrVAPsZZKq+PZRmo2RYSOHvvs8kNhU4uRiSZUbSbA==",
      "dev": true
    },
    "node_modules/core-util-is": {
      "version": "1.0.3",
      "resolved": "https://registry.npmjs.org/core-util-is/-/core-util-is-1.0.3.tgz",
      "integrity": "sha512-ZQBvi1DcpJ4GDqanjucZ2Hj3wEO5pZDS89BWbkcrvdxksJorwUDDZamX9ldFkp9aw2lmBDLgkObEA4DWNJ9FYQ==",
      "dev": true
    },
    "node_modules/csslint": {
      "version": "0.10.0",
      "resolved": "https://registry.npmjs.org/csslint/-/csslint-0.10.0.tgz",
      "integrity": "sha512-mlD1oDw0juzD4dOthyAytPC4NsXqVZeIYAScIbgoYGY+Q7vcrhOQrH7js4JVZXcrOyKxi8ytC42ENMwO9CdnMQ==",
      "dev": true,
      "dependencies": {
        "parserlib": "~0.2.2"
      },
      "bin": {
        "csslint": "cli.js"
      },
      "engines": {
        "node": ">=0.8.0"
      }
    },
    "node_modules/domelementtype": {
      "version": "1.3.1",
      "resolved": "https://registry.npmjs.org/domelementtype/-/domelementtype-1.3.1.tgz",
      "integrity": "sha512-BSKB+TSpMpFI/HOxCNr1O8aMOTZ8hT3pM3GQ0w/mWRmkhEDSFJkkyzz4XQsBV44BChwGkrDfMyjVD0eA2aFV3w==",
      "dev": true
    },
    "node_modules/domhandler": {
      "version": "2.1.0",
      "resolved": "https://registry.npmjs.org/domhandler/-/domhandler-2.1.0.tgz",
      "integrity": "sha512-4Qr6GTzdsnKVGdYferZT3na5zkswztvfsoyprP/j2bLf1l3pUTamwYvNVldkEYFG6Ll+3eV5mVk0zgRr6iI+SA==",
      "dev": true,
      "dependencies": {
        "domelementtype": "1"
      }
    },
    "node_modules/domutils": {
      "version": "1.1.6",
      "resolved": "https://registry.npmjs.org/domutils/-/domutils-1.1.6.tgz",
      "integrity": "sha512-ZeagMzMKyk9GSFMqV3x3uHgRN36hLpSOF6LIRXmftce0UUqFsAx/azJAJ4Jc+9DYKmwROH5HLOcOu1OPARWwNg==",
      "dev": true,
      "dependencies": {
        "domelementtype": "1"
      }
    },
    "node_modules/esprima": {
      "version": "1.0.3",
      "resolved": "https://registry.npmjs.org/esprima/-/esprima-1.0.3.tgz",
      "integrity": "sha512-Cc9SOu665lwATZT2tzVgeiZlqpnN6wKs2BvWrJ5nQSzGaivjL1MBYxyy951anmdsgMZNTssPXBRJq8W5vgRNcQ==",
      "dev": true,
      "bin": {
        "esparse": "bin/esparse.js",
        "esvalidate": "bin/esvalidate.js"
      },
      "engines": {
        "node": ">=0.4.0"
      }
    },
    "node_modules/glob": {
      "version": "3.2.7",
      "resolved": "https://registry.npmjs.org/glob/-/glob-3.2.7.tgz",
      "integrity": "sha512-DaADhstzS42quruVnBdaZUrbSv3I+8K+7QQ5WrKQ1oFcBYJR9iuDNoz4MVxJlOhL4b8ETTAFZA6x755SiaUx2A==",
      "dev": true,
      "dependencies": {
        "inherits": "2",
        "minimatch": "~0.2.11"
      },
      "engines": {
        "node": "*"
      }
    },
    "node_modules/graceful-fs": {
      "version": "2.0.3",
      "resolved": "https://registry.npmjs.org/graceful-fs/-/graceful-fs-2.0.3.tgz",
      "integrity": "sha512-hcj/NTUWv+C3MbqrVb9F+aH6lvTwEHJdx2foBxlrVq5h6zE8Bfu4pv4CAAqbDcZrw/9Ak5lsRXlY9Ao8/F0Tuw==",
      "deprecated": "please upgrade to graceful-fs 4 for compatibility with current and future versions of Node.js",
      "dev": true,
      "engines": {
        "node": ">=0.4.0"
      }
    },
    "node_modules/htmlparser2": {
      "version": "3.3.0",
      "resolved": "https://registry.npmjs.org/htmlparser2/-/htmlparser2-3.3.0.tgz",
      "integrity": "sha512-Z8i63n7seuPvRe1PQyrjmoVStv7bjMa0skrOl/k6tnT/5WpPNrzWLB1Hg/dJxBXH/M6KZvm25JQGVCiQGxURLQ==",
      "dev": true,
      "dependencies": {
        "domelementtype": "1",
        "domhandler": "2.1",
        "domutils": "1.1",
        "readable-stream": "1.0"
      }
    },
    "node_modules/inherits": {
      "version": "2.0.4",
      "resolved": "https://registry.npmjs.org/inherits/-/inherits-2.0.4.tgz",
      "integrity": "sha512-k/vGaX4/Yla3WzyMCvTQOXYeIHvqOKtnqBduzTHpzpQZzAskKMhZ2K+EnBiSM9zGSoIFeMpXKxa4dYeZIQqewQ==",
      "dev": true
    },
    "node_modules/isarray": {
      "version": "0.0.1",
      "resolved": "https://registry.npmjs.org/isarray/-/isarray-0.0.1.tgz",
      "integrity": "sha512-D2S+3GLxWH+uhrNEcoh/fnmYeP8E8/zHl644d/jdA0g2uyXvy3sb0qxotE+ne0LtccHknQzWwZEzhak7oJ0COQ==",
      "dev": true
    },
    "node_modules/jscs": {
      "version": "1.2.4",
      "resolved": "https://registry.npmjs.org/jscs/-/jscs-1.2.4.tgz",
      "integrity": "sha512-9UqO78RWOajGBICUV8/FdCL/883uYrkioJ7fBR6rs4W0Uiu0m2EAhQO9ByPh/4Qvx/atRVWHmwHreOiuFFeMgg==",
      "deprecated": "JSCS has merged with ESLint! See - https://medium.com/@markelog/jscs-end-of-the-line-bc9bf0b3fdb2",
      "dev": true,
      "dependencies": {
        "colors": "0.6.0-1",
        "commander": "1.2.0",
        "esprima": "1.0.3",
        "glob": "3.2.7",
        "minimatch": "0.2.12",
        "vow": "0.3.9",
        "vow-fs": "0.2.3",
        "xmlbuilder": "1.1.2"
      },
      "bin": {
        "jscs": "bin/jscs"
      },
      "engines": {
        "node": ">= 0.8.0"
      }
    },
    "node_modules/jshint": {
      "version": "2.4.3",
      "resolved": "https://registry.npmjs.org/jshint/-/jshint-2.4.3.tgz",
      "integrity": "sha512-bmwlrJCItW3tFoN70MivI2I0DCnIAp0xNrHtPq5bJ6aHu3dVVR51aVDP76LjmiS12SPRRGS0eVSbELT5zjtOPA==",
      "dev": true,
      "dependencies": {
        "cli": "0.4.x",
        "console-browserify": "0.1.x",
        "htmlparser2": "3.3.x",
        "minimatch": "0.x.x",
        "shelljs": "0.1.x",
        "underscore": "1.4.x"
      },
      "bin": {
        "jshint": "bin/jshint"
      }
    },
    "node_modules/json-lint": {
      "version": "0.1.0",
      "resolved": "https://registry.npmjs.org/json-lint/-/json-lint-0.1.0.tgz",
      "integrity": "sha512-QoBMCAo3sFnAl2nvCcrt5NmjqMRejlghhMvZ0ykhgfNpp7ukp1te7dP6q2o4fkvl03t08t75njni+y6S7jiHLg==",
      "dev": true,
      "engines": {
        "node": ">=0.5"
      }
    },
    "node_modules/json5": {
      "version": "0.2.0",
      "resolved": "https://registry.npmjs.org/json5/-/json5-0.2.0.tgz",
      "integrity": "sha512-jzu3hxGhztAzldgKTbsW240mtPIgR6foddu9HqQgpv0ML2RcjE0mjyLro0XE92YAQYpTpcByY80vVzlKOM64xA==",
      "dev": true,
      "bin": {
        "json5": "lib/cli.js"
      },
      "engines": {
        "node": "*"
      }
    },
    "node_modules/keypress": {
      "version": "0.1.0",
      "resolved": "https://registry.npmjs.org/keypress/-/keypress-0.1.0.tgz",
      "integrity": "sha512-x0yf9PL/nx9Nw9oLL8ZVErFAk85/lslwEP7Vz7s5SI1ODXZIgit3C5qyWjw4DxOuO/3Hb4866SQh28a1V1d+WA==",
      "dev": true
    },
    "node_modules/lru-cache": {
      "version": "2.7.3",
      "resolved": "https://registry.npmjs.org/lru-cache/-/lru-cache-2.7.3.tgz",
      "integrity": "sha512-WpibWJ60c3AgAz8a2iYErDrcT2C7OmKnsWhIcHOjkUHFjkXncJhtLxNSqUmxRxRunpb5I8Vprd7aNSd2NtksJQ==",
      "dev": true
    },
    "node_modules/minimatch": {
      "version": "0.2.12",
      "resolved": "https://registry.npmjs.org/minimatch/-/minimatch-0.2.12.tgz",
      "integrity": "sha512-jeVdfKmlomLerf8ecetSr6gLS0OXnLRluhnv9Rf2yj70NsD8uVGqrpwTqJGKpIF8VTRR9fQAl62CZ1eNIEMk3A==",
      "deprecated": "Please update to minimatch 3.0.2 or higher to avoid a RegExp DoS issue",
      "dev": true,
      "dependencies": {
        "lru-cache": "2",
        "sigmund": "~1.0.0"
      },
      "engines": {
        "node": "*"
      }
    },
    "node_modules/munit": {
      "version": "0.0.8",
      "resolved": "https://registry.npmjs.org/munit/-/munit-0.0.8.tgz",
      "integrity": "sha512-V95XdHT6lPE03Av2rz6S0r4WuPsUjXhHfqB7Q6nMO3WDtCw8YPB2TvY1HX2urG0/a4tiUNUgLywne+HaIS7Z8g==",
      "dev": true,
      "dependencies": {
        "argv": "0.0.2",
        "async": "0.2.9",
        "graceful-fs": "2.0.3"
      },
      "bin": {
        "munit": "bin/munit"
      },
      "engines": {
        "node": ">=0.8"
      }
    },
    "node_modules/nlint": {
      "version": "0.0.7",
      "resolved": "https://registry.npmjs.org/nlint/-/nlint-0.0.7.tgz",
      "integrity": "sha512-XvhJkl4nBbYLJGmiDv5Ga3A9TsvF/HZawXXfrMKp1GZg+j+WKabWT7NePY2ohW1fUASfSl+iIENuodFvCVb1LA==",
      "dev": true,
      "dependencies": {
        "argv": "0.0.2",
        "async": "0.2.10",
        "csslint": "0.10.0",
        "jscs": "1.2.4",
        "jshint": "2.4.3",
        "json-lint": "0.1.0",
        "json5": "0.2.0"
      },
      "bin": {
        "nlint": "bin/nlint"
      },
      "engines": {
        "node": ">=0.6.10"
      }
    },
    "node_modules/nlint/node_modules/async": {
      "version": "0.2.10",
      "resolved": "https://registry.npmjs.org/async/-/async-0.2.10.tgz",
      "integrity": "sha512-eAkdoKxU6/LkKDBzLpT+t6Ff5EtfSF4wx1WfJiPEEV7WNLnDaRXk0oVysiEPm262roaachGexwUv94WhSgN5TQ==",
      "dev": true
    },
    "node_modules/node-uuid": {
      "version": "1.4.0",
      "resolved": "https://registry.npmjs.org/node-uuid/-/node-uuid-1.4.0.tgz",
      "integrity": "sha512-Vns3Mj1WBYNwPchf2T/pt9q2GUpM97JvLekAkAwWYX1H2kIxYQ+jUb3GWmaNRboP5XoS3p3nxptIv00I+cOtLg==",
      "deprecated": "Use uuid module instead",
      "dev": true
    },
    "node_modules/parserlib": {
      "version": "0.2.5",
      "resolved": "https://registry.npmjs.org/parserlib/-/parserlib-0.2.5.tgz",
      "integrity": "sha512-SNu7MNq2Lp5aHXM1HZLyXEHpSAVpHU1y3pvPpxnq6jVK/5WIpKv9aA11PyMeiW9Y+EORem2J7XhiEIaOKizUHA==",
      "dev": true
    },
    "node_modules/readable-stream": {
      "version": "1.0.34",
      "resolved": "https://registry.npmjs.org/readable-stream/-/readable-stream-1.0.34.tgz",
      "integrity": "sha512-ok1qVCJuRkNmvebYikljxJA/UEsKwLl2nI1OmaqAu4/UE+h0wKCHok4XkL/gvi39OacXvw59RJUOFUkDib2rHg==",
      "dev": true,
      "dependencies": {
        "core-util-is": "~1.0.0",
        "inherits": "~2.0.1",
        "isarray": "0.0.1",
        "string_decoder": "~0.10.x"
      }
    },
    "node_modules/shelljs": {
      "version": "0.1.4",
      "resolved": "https://registry.npmjs.org/shelljs/-/shelljs-0.1.4.tgz",
      "integrity": "sha512-UkXLBuUzAJwkal/0eYnQs8LpXQ4grKL5kPtA0RkUzhj1khUvw5Z2d717GRTRclDWQ+Y14yWkiM9cJX2CwSHxpw==",
      "dev": true,
      "bin": {
        "shjs": "bin/shjs"
      },
      "engines": {
        "node": "*"
      }
    },
    "node_modules/sigmund": {
      "version": "1.0.1",
      "resolved": "https://registry.npmjs.org/sigmund/-/sigmund-1.0.1.tgz",
      "integrity": "sha512-fCvEXfh6NWpm+YSuY2bpXb/VIihqWA6hLsgboC+0nl71Q7N7o2eaCW8mJa/NLvQhs6jpd3VZV4UiUQlV6+lc8g==",
      "dev": true
    },
    "node_modules/string_decoder": {
      "version": "0.10.31",
      "resolved": "https://registry.npmjs.org/string_decoder/-/string_decoder-0.10.31.tgz",
      "integrity": "sha512-ev2QzSzWPYmy9GuqfIVildA4OdcGLeFZQrq5ys6RtiuF+RQQiZWr8TZNyAcuVXyQRYfEO+MsoB/1BuQVhOJuoQ==",
      "dev": true
    },
    "node_modules/underscore": {
      "version": "1.4.4",
      "resolved": "https://registry.npmjs.org/underscore/-/underscore-1.4.4.tgz",
      "integrity": "sha512-ZqGrAgaqqZM7LGRzNjLnw5elevWb5M8LEoDMadxIW3OWbcv72wMMgKdwOKpd5Fqxe8choLD8HN3iSj3TUh/giQ==",
      "dev": true
    },
    "node_modules/vow": {
      "version": "0.3.9",
      "resolved": "https://registry.npmjs.org/vow/-/vow-0.3.9.tgz",
      "integrity": "sha512-fc9eU77ORvSDGa4qAcs9WLZkvH3TrAlGwhEGDPiPeGzRjrZ9BU5BlkrKAvyZUdCNOezG5BkZ8m30h/XvWuDYXQ==",
      "dev": true,
      "engines": {
        "node": ">= 0.4.0"
      }
    },
    "node_modules/vow-fs": {
      "version": "0.2.3",
      "resolved": "https://registry.npmjs.org/vow-fs/-/vow-fs-0.2.3.tgz",
      "integrity": "sha512-v4nH+/0tzAFxZzPJJv/0IvoNkAVlzs9DSy1kYMRgyGHaPwvvpFgFbg2uHmX80Kyuq493+jEhx9eHX4pcVLeB+g==",
      "dev": true,
      "dependencies": {
        "node-uuid": "1.4.0",
        "vow-queue": "0.0.2"
      },
      "engines": {
        "node": ">= 0.6.0"
      },
      "peerDependencies": {
        "vow": ">= 0.3.9"
      }
    },
    "node_modules/vow-queue": {
      "version": "0.0.2",
      "resolved": "https://registry.npmjs.org/vow-queue/-/vow-queue-0.0.2.tgz",
      "integrity": "sha512-k5FUzXd0fZGThIzkMCpgunxOEzZZu9V08Bomrgfu37qlHJAjF7G4Qa5ATcd1Kl0fiuDAltAFyQK0kescFUDz4w==",
      "dev": true,
      "engines": {
        "node": ">= 0.8.0"
      },
      "peerDependencies": {
        "vow": "~0.3.9"
      }
    },
    "node_modules/xmlbuilder": {
      "version": "1.1.2",
      "resolved": "https://registry.npmjs.org/xmlbuilder/-/xmlbuilder-1.1.2.tgz",
      "integrity": "sha512-gspXU5NGrWif4BFbSGHuojHkGzzFABcODPZfOogi5twMIVNNxDpxkzem7B/vlzIyCT49I1xa2apzsGttVMaT9g==",
      "dev": true,
      "dependencies": {
        "underscore": ">=1.5.x"
      },
      "engines": {
        "node": ">=0.2.0"
      }
    },
    "node_modules/xmlbuilder/node_modules/underscore": {
      "version": "1.13.6",
      "resolved": "https://registry.npmjs.org/underscore/-/underscore-1.13.6.tgz",
      "integrity": "sha512-+A5Sja4HP1M08MaXya7p5LvjuM7K6q/2EaC0+iovj/wOcMsTzMvDFbasi/oSapiwOlt252IqsKqPjCl7huKS0A==",
      "dev": true
    }
  },
  "dependencies": {
    "argv": {
      "version": "0.0.2",
      "resolved": "https://registry.npmjs.org/argv/-/argv-0.0.2.tgz",
      "integrity": "sha512-dEamhpPEwRUBpLNHeuCm/v+g0anFByHahxodVO/BbAarHVBBg2MccCwf9K+o1Pof+2btdnkJelYVUWjW/VrATw==",
      "dev": true
    },
    "async": {
      "version": "0.2.9",
      "resolved": "https://registry.npmjs.org/async/-/async-0.2.9.tgz",
      "integrity": "sha512-OAtM6mexGteNKdU29wcUfRW+VuBr94A3hx9h9yzBnPaQAbKoW1ORd68XM4CCAOpdL5wlNFgO29hsY1TKv2vAKw==",
      "dev": true
    },
    "cli": {
      "version": "0.4.5",
      "resolved": "https://registry.npmjs.org/cli/-/cli-0.4.5.tgz",
      "integrity": "sha512-dbn5HyeJWSOU58RwOEiF1VWrl7HRvDsKLpu0uiI/vExH6iNoyUzjB5Mr3IJY5DVUfnbpe9793xw4DFJVzC9nWQ==",
      "dev": true,
      "requires": {
        "glob": ">= 3.1.4"
      }
    },
    "colors": {
      "version": "0.6.0-1",
      "resolved": "https://registry.npmjs.org/colors/-/colors-0.6.0-1.tgz",
      "integrity": "sha512-ZaQtySU44lmZRP6M+CovFWnu7QnxLTsr/3wURb7BCOV1/gKjUb/3uu3NsLR+fvA2Jfs6sNfwcVq0Tp2mWYbuxg==",
      "dev": true
    },
    "commander": {
      "version": "1.2.0",
      "resolved": "https://registry.npmjs.org/commander/-/commander-1.2.0.tgz",
      "integrity": "sha512-4AzfHvT/zLkvp+LVOHxZ02sHTuNrtoTnu8qEoJbpcL3nTnFhoNmAml1UV+96k9y5Tgz7jIjsom546WIi2iif0g==",
      "dev": true,
      "requires": {
        "keypress": "0.1.x"
      }
    },
    "console-browserify": {
      "version": "0.1.6",
      "resolved": "https://registry.npmjs.org/console-browserify/-/console-browserify-0.1.6.tgz",
      "integrity": "sha512-FJahZyF+dLKrC7h4DOq5JsHA+f0cLJD3TR1+0CK3n6phtdrVAPsZZKq+PZRmo2RYSOHvvs8kNhU4uRiSZUbSbA==",
      "dev": true
    },
    "core-util-is": {
      "version": "1.0.3",
      "resolved": "https://registry.npmjs.org/core-util-is/-/core-util-is-1.0.3.tgz",
      "integrity": "sha512-ZQBvi1DcpJ4GDqanjucZ2Hj3wEO5pZDS89BWbkcrvdxksJorwUDDZamX9ldFkp9aw2lmBDLgkObEA4DWNJ9FYQ==",
      "dev": true
    },
    "csslint": {
      "version": "0.10.0",
      "resolved": "https://registry.npmjs.org/csslint/-/csslint-0.10.0.tgz",
      "integrity": "sha512-mlD1oDw0juzD4dOthyAytPC4NsXqVZeIYAScIbgoYGY+Q7vcrhOQrH7js4JVZXcrOyKxi8ytC42ENMwO9CdnMQ==",
      "dev": true,
      "requires": {
        "parserlib": "~0.2.2"
      }
    },
    "domelementtype": {
      "version": "1.3.1",
      "resolved": "https://registry.npmjs.org/domelementtype/-/domelementtype-1.3.1.tgz",
      "integrity": "sha512-BSKB+TSpMpFI/HOxCNr1O8aMOTZ8hT3pM3GQ0w/mWRmkhEDSFJkkyzz4XQsBV44BChwGkrDfMyjVD0eA2aFV3w==",
      "dev": true
    },
    "domhandler": {
      "version": "2.1.0",
      "resolved": "https://registry.npmjs.org/domhandler/-/domhandler-2.1.0.tgz",
      "integrity": "sha512-4Qr6GTzdsnKVGdYferZT3na5zkswztvfsoyprP/j2bLf1l3pUTamwYvNVldkEYFG6Ll+3eV5mVk0zgRr6iI+SA==",
      "dev": true,
      "requires": {
        "domelementtype": "1"
      }
    },
    "domutils": {
      "version": "1.1.6",
      "resolved": "https://registry.npmjs.org/domutils/-/domutils-1.1.6.tgz",
      "integrity": "sha512-ZeagMzMKyk9GSFMqV3x3uHgRN36hLpSOF6LIRXmftce0UUqFsAx/azJAJ4Jc+9DYKmwROH5HLOcOu1OPARWwNg==",
      "dev": true,
      "requires": {
        "domelementtype": "1"
      }
    },
    "esprima": {
      "version": "1.0.3",
      "resolved": "https://registry.npmjs.org/esprima/-/esprima-1.0.3.tgz",
      "integrity": "sha512-Cc9SOu665lwATZT2tzVgeiZlqpnN6wKs2BvWrJ5nQSzGaivjL1MBYxyy951anmdsgMZNTssPXBRJq8W5vgRNcQ==",
      "dev": true
    },
    "glob": {
      "version": "3.2.7",
      "resolved": "https://registry.npmjs.org/glob/-/glob-3.2.7.tgz",
      "integrity": "sha512-DaADhstzS42quruVnBdaZUrbSv3I+8K+7QQ5WrKQ1oFcBYJR9iuDNoz4MVxJlOhL4b8ETTAFZA6x755SiaUx2A==",
      "dev": true,
      "requires": {
        "inherits": "2",
        "minimatch": "~0.2.11"
      }
    },
    "graceful-fs": {
      "version": "2.0.3",
      "resolved": "https://registry.npmjs.org/graceful-fs/-/graceful-fs-2.0.3.tgz",
      "integrity": "sha512-hcj/NTUWv+C3MbqrVb9F+aH6lvTwEHJdx2foBxlrVq5h6zE8Bfu4pv4CAAqbDcZrw/9Ak5lsRXlY9Ao8/F0Tuw==",
      "dev": true
    },
    "htmlparser2": {
      "version": "3.3.0",
      "resolved": "https://registry.npmjs.org/htmlparser2/-/htmlparser2-3.3.0.tgz",
      "integrity": "sha512-Z8i63n7seuPvRe1PQyrjmoVStv7bjMa0skrOl/k6tnT/5WpPNrzWLB1Hg/dJxBXH/M6KZvm25JQGVCiQGxURLQ==",
      "dev": true,
      "requires": {
        "domelementtype": "1",
        "domhandler": "2.1",
        "domutils": "1.1",
        "readable-stream": "1.0"
      }
    },
    "inherits": {
      "version": "2.0.4",
      "resolved": "https://registry.npmjs.org/inherits/-/inherits-2.0.4.tgz",
      "integrity": "sha512-k/vGaX4/Yla3WzyMCvTQOXYeIHvqOKtnqBduzTHpzpQZzAskKMhZ2K+EnBiSM9zGSoIFeMpXKxa4dYeZIQqewQ==",
      "dev": true
    },
    "isarray": {
      "version": "0.0.1",
      "resolved": "https://registry.npmjs.org/isarray/-/isarray-0.0.1.tgz",
      "integrity": "sha512-D2S+3GLxWH+uhrNEcoh/fnmYeP8E8/zHl644d/jdA0g2uyXvy3sb0qxotE+ne0LtccHknQzWwZEzhak7oJ0COQ==",
      "dev": true
    },
    "jscs": {
      "version": "1.2.4",
      "resolved": "https://registry.npmjs.org/jscs/-/jscs-1.2.4.tgz",
      "integrity": "sha512-9UqO78RWOajGBICUV8/FdCL/883uYrkioJ7fBR6rs4W0Uiu0m2EAhQO9ByPh/4Qvx/atRVWHmwHreOiuFFeMgg==",
      "dev": true,
      "requires": {
        "colors": "0.6.0-1",
        "commander": "1.2.0",
        "esprima": "1.0.3",
        "glob": "3.2.7",
        "minimatch": "0.2.12",
        "vow": "0.3.9",
        "vow-fs": "0.2.3",
        "xmlbuilder": "1.1.2"
      }
    },
    "jshint": {
      "version": "2.4.3",
      "resolved": "https://registry.npmjs.org/jshint/-/jshint-2.4.3.tgz",
      "integrity": "sha512-bmwlrJCItW3tFoN70MivI2I0DCnIAp0xNrHtPq5bJ6aHu3dVVR51aVDP76LjmiS12SPRRGS0eVSbELT5zjtOPA==",
      "dev": true,
      "requires": {
        "cli": "0.4.x",
        "console-browserify": "0.1.x",
        "htmlparser2": "3.3.x",
        "minimatch": "0.x.x",
        "shelljs": "0.1.x",
        "underscore": "1.4.x"
      }
    },
    "json-lint": {
      "version": "0.1.0",
      "resolved": "https://registry.npmjs.org/json-lint/-/json-lint-0.1.0.tgz",
      "integrity": "sha512-QoBMCAo3sFnAl2nvCcrt5NmjqMRejlghhMvZ0ykhgfNpp7ukp1te7dP6q2o4fkvl03t08t75njni+y6S7jiHLg==",
      "dev": true
    },
    "json5": {
      "version": "0.2.0",
      "resolved": "https://registry.npmjs.org/json5/-/json5-0.2.0.tgz",
      "integrity": "sha512-jzu3hxGhztAzldgKTbsW240mtPIgR6foddu9HqQgpv0ML2RcjE0mjyLro0XE92YAQYpTpcByY80vVzlKOM64xA==",
      "dev": true
    },
    "keypress": {
      "version": "0.1.0",
      "resolved": "https://registry.npmjs.org/keypress/-/keypress-0.1.0.tgz",
      "integrity": "sha512-x0yf9PL/nx9Nw9oLL8ZVErFAk85/lslwEP7Vz7s5SI1ODXZIgit3C5qyWjw4DxOuO/3Hb4866SQh28a1V1d+WA==",
      "dev": true
    },
    "lru-cache": {
      "version": "2.7.3",
      "resolved": "https://registry.npmjs.org/lru-cache/-/lru-cache-2.7.3.tgz",
      "integrity": "sha512-WpibWJ60c3AgAz8a2iYErDrcT2C7OmKnsWhIcHOjkUHFjkXncJhtLxNSqUmxRxRunpb5I8Vprd7aNSd2NtksJQ==",
      "dev": true
    },
    "minimatch": {
      "version": "0.2.12",
      "resolved": "https://registry.npmjs.org/minimatch/-/minimatch-0.2.12.tgz",
      "integrity": "sha512-jeVdfKmlomLerf8ecetSr6gLS0OXnLRluhnv9Rf2yj70NsD8uVGqrpwTqJGKpIF8VTRR9fQAl62CZ1eNIEMk3A==",
      "dev": true,
      "requires": {
        "lru-cache": "2",
        "sigmund": "~1.0.0"
      }
    },
    "munit": {
      "version": "0.0.8",
      "resolved": "https://registry.npmjs.org/munit/-/munit-0.0.8.tgz",
      "integrity": "sha512-V95XdHT6lPE03Av2rz6S0r4WuPsUjXhHfqB7Q6nMO3WDtCw8YPB2TvY1HX2urG0/a4tiUNUgLywne+HaIS7Z8g==",
      "dev": true,
      "requires": {
        "argv": "0.0.2",
        "async": "0.2.9",
        "graceful-fs": "2.0.3"
      }
    },
    "nlint": {
      "version": "0.0.7",
      "resolved": "https://registry.npmjs.org/nlint/-/nlint-0.0.7.tgz",
      "integrity": "sha512-XvhJkl4nBbYLJGmiDv5Ga3A9TsvF/HZawXXfrMKp1GZg+j+WKabWT7NePY2ohW1fUASfSl+iIENuodFvCVb1LA==",
      "dev": true,
      "requires": {
        "argv": "0.0.2",
        "async": "0.2.10",
        "csslint": "0.10.0",
        "jscs": "1.2.4",
        "jshint": "2.4.3",
        "json-lint": "0.1.0",
        "json5": "0.2.0"
      },
      "dependencies": {
        "async": {
          "version": "0.2.10",
          "resolved": "https://registry.npmjs.org/async/-/async-0.2.10.tgz",
          "integrity": "sha512-eAkdoKxU6/LkKDBzLpT+t6Ff5EtfSF4wx1WfJiPEEV7WNLnDaRXk0oVysiEPm262roaachGexwUv94WhSgN5TQ==",
          "dev": true
        }
      }
    },
    "node-uuid": {
      "version": "1.4.0",
      "resolved": "https://registry.npmjs.org/node-uuid/-/node-uuid-1.4.0.tgz",
      "integrity": "sha512-Vns3Mj1WBYNwPchf2T/pt9q2GUpM97JvLekAkAwWYX1H2kIxYQ+jUb3GWmaNRboP5XoS3p3nxptIv00I+cOtLg==",
      "dev": true
    },
    "parserlib": {
      "version": "0.2.5",
      "resolved": "https://registry.npmjs.org/parserlib/-/parserlib-0.2.5.tgz",
      "integrity": "sha512-SNu7MNq2Lp5aHXM1HZLyXEHpSAVpHU1y3pvPpxnq6jVK/5WIpKv9aA11PyMeiW9Y+EORem2J7XhiEIaOKizUHA==",
      "dev": true
    },
    "readable-stream": {
      "version": "1.0.34",
      "resolved": "https://registry.npmjs.org/readable-stream/-/readable-stream-1.0.34.tgz",
      "integrity": "sha512-ok1qVCJuRkNmvebYikljxJA/UEsKwLl2nI1OmaqAu4/UE+h0wKCHok4XkL/gvi39OacXvw59RJUOFUkDib2rHg==",
      "dev": true,
      "requires": {
        "core-util-is": "~1.0.0",
        "inherits": "~2.0.1",
        "isarray": "0.0.1",
        "string_decoder": "~0.10.x"
      }
    },
    "shelljs": {
      "version": "0.1.4",
      "resolved": "https://registry.npmjs.org/shelljs/-/shelljs-0.1.4.tgz",
      "integrity": "sha512-UkXLBuUzAJwkal/0eYnQs8LpXQ4grKL5kPtA0RkUzhj1khUvw5Z2d717GRTRclDWQ+Y14yWkiM9cJX2CwSHxpw==",
      "dev": true
    },
    "sigmund": {
      "version": "1.0.1",
      "resolved": "https://registry.npmjs.org/sigmund/-/sigmund-1.0.1.tgz",
      "integrity": "sha512-fCvEXfh6NWpm+YSuY2bpXb/VIihqWA6hLsgboC+0nl71Q7N7o2eaCW8mJa/NLvQhs6jpd3VZV4UiUQlV6+lc8g==",
      "dev": true
    },
    "string_decoder": {
      "version": "0.10.31",
      "resolved": "https://registry.npmjs.org/string_decoder/-/string_decoder-0.10.31.tgz",
      "integrity": "sha512-ev2QzSzWPYmy9GuqfIVildA4OdcGLeFZQrq5ys6RtiuF+RQQiZWr8TZNyAcuVXyQRYfEO+MsoB/1BuQVhOJuoQ==",
      "dev": true
    },
    "underscore": {
      "version": "1.4.4",
      "resolved": "https://registry.npmjs.org/underscore/-/underscore-1.4.4.tgz",
      "integrity": "sha512-ZqGrAgaqqZM7LGRzNjLnw5elevWb5M8LEoDMadxIW3OWbcv72wMMgKdwOKpd5Fqxe8choLD8HN3iSj3TUh/giQ==",
      "dev": true
    },
    "vow": {
      "version": "0.3.9",
      "resolved": "https://registry.npmjs.org/vow/-/vow-0.3.9.tgz",
      "integrity": "sha512-fc9eU77ORvSDGa4qAcs9WLZkvH3TrAlGwhEGDPiPeGzRjrZ9BU5BlkrKAvyZUdCNOezG5BkZ8m30h/XvWuDYXQ==",
      "dev": true
    },
    "vow-fs": {
      "version": "0.2.3",
      "resolved": "https://registry.npmjs.org/vow-fs/-/vow-fs-0.2.3.tgz",
      "integrity": "sha512-v4nH+/0tzAFxZzPJJv/0IvoNkAVlzs9DSy1kYMRgyGHaPwvvpFgFbg2uHmX80Kyuq493+jEhx9eHX4pcVLeB+g==",
      "dev": true,
      "requires": {
        "node-uuid": "1.4.0",
        "vow-queue": "0.0.2"
      }
    },
    "vow-queue": {
      "version": "0.0.2",
      "resolved": "https://registry.npmjs.org/vow-queue/-/vow-queue-0.0.2.tgz",
      "integrity": "sha512-k5FUzXd0fZGThIzkMCpgunxOEzZZu9V08Bomrgfu37qlHJAjF7G4Qa5ATcd1Kl0fiuDAltAFyQK0kescFUDz4w==",
      "dev": true,
      "requires": {}
    },
    "xmlbuilder": {
      "version": "1.1.2",
      "resolved": "https://registry.npmjs.org/xmlbuilder/-/xmlbuilder-1.1.2.tgz",
      "integrity": "sha512-gspXU5NGrWif4BFbSGHuojHkGzzFABcODPZfOogi5twMIVNNxDpxkzem7B/vlzIyCT49I1xa2apzsGttVMaT9g==",
      "dev": true,
      "requires": {
        "underscore": ">=1.5.x"
      },
      "dependencies": {
        "underscore": {
          "version": "1.13.6",
          "resolved": "https://registry.npmjs.org/underscore/-/underscore-1.13.6.tgz",
          "integrity": "sha512-+A5Sja4HP1M08MaXya7p5LvjuM7K6q/2EaC0+iovj/wOcMsTzMvDFbasi/oSapiwOlt252IqsKqPjCl7huKS0A==",
          "dev": true
        }
      }
    }
  }
}
